
Microsoft Visual Studio Solution File, Format Version 11.00
# Visual Studio 2010
Project("{8BC9CEB8-8B4A-11D0-8D11-00A0C91BC942}") = "11장-AdjListGraph", "11장-AdjListGraph\11장-AdjListGraph.vcxproj", "{A3DBEDC5-0987-4CAC-9249-AECDF3375190}"
EndProject
Project("{8BC9CEB8-8B4A-11D0-8D11-00A0C91BC942}") = "11장-AdjMatGraph", "11장-AdjMatGraph\11장-AdjMatGraph.vcxproj", "{15B1AC08-3F0D-4587-9966-54E06944CAF7}"
EndProject
Project("{8BC9CEB8-8B4A-11D0-8D11-00A0C91BC942}") = "11장-SrchAMGraph", "11장-SrchAMGraph\11장-SrchAMGraph.vcxproj", "{598D7473-2F20-4F2A-82D7-D2881FFD74DC}"
EndProject
Project("{8BC9CEB8-8B4A-11D0-8D11-00A0C91BC942}") = "11장-SrchALGraph", "11장-SrchALGraph\11장-SrchALGraph.vcxproj", "{B23986CF-EF92-4478-B028-DE638D0BA4AF}"
EndProject
Project("{8BC9CEB8-8B4A-11D0-8D11-00A0C91BC942}") = "11장-ConnectedComponent", "11장-ConnectedComponent\11장-ConnectedComponent.vcxproj", "{11649C4F-963E-49F5-A7D9-F8F494F89FCE}"
EndProject
Project("{8BC9CEB8-8B4A-11D0-8D11-00A0C91BC942}") = "11장-TopologicalSort", "11장-TopologicalSort\11장-TopologicalSort.vcxproj", "{3D45723D-E30C-4760-9979-734C17752DAD}"
EndProject
Global
	GlobalSection(SolutionConfigurationPlatforms) = preSolution
		Debug|Win32 = Debug|Win32
		Release|Win32 = Release|Win32
	EndGlobalSection
	GlobalSection(ProjectConfigurationPlatforms) = postSolution
		{A3DBEDC5-0987-4CAC-9249-AECDF3375190}.Debug|Win32.ActiveCfg = Debug|Win32
		{A3DBEDC5-0987-4CAC-9249-AECDF3375190}.Debug|Win32.Build.0 = Debug|Win32
		{A3DBEDC5-0987-4CAC-9249-AECDF3375190}.Release|Win32.ActiveCfg = Release|Win32
		{A3DBEDC5-0987-4CAC-9249-AECDF3375190}.Release|Win32.Build.0 = Release|Win32
		{15B1AC08-3F0D-4587-9966-54E06944CAF7}.Debug|Win32.ActiveCfg = Debug|Win32
		{15B1AC08-3F0D-4587-9966-54E06944CAF7}.Debug|Win32.Build.0 = Debug|Win32
		{15B1AC08-3F0D-4587-9966-54E06944CAF7}.Release|Win32.ActiveCfg = Release|Win32
		{15B1AC08-3F0D-4587-9966-54E06944CAF7}.Release|Win32.Build.0 = Release|Win32
		{598D7473-2F20-4F2A-82D7-D2881FFD74DC}.Debug|Win32.ActiveCfg = Debug|Win32
		{598D7473-2F20-4F2A-82D7-D2881FFD74DC}.Debug|Win32.Build.0 = Debug|Win32
		{598D7473-2F20-4F2A-82D7-D2881FFD74DC}.Release|Win32.ActiveCfg = Release|Win32
		{598D7473-2F20-4F2A-82D7-D2881FFD74DC}.Release|Win32.Build.0 = Release|Win32
		{B23986CF-EF92-4478-B028-DE638D0BA4AF}.Debug|Win32.ActiveCfg = Debug|Win32
		{B23986CF-EF92-4478-B028-DE638D0BA4AF}.Debug|Win32.Build.0 = Debug|Win32
		{B23986CF-EF92-4478-B028-DE638D0BA4AF}.Release|Win32.ActiveCfg = Release|Win32
		{B23986CF-EF92-4478-B028-DE638D0BA4AF}.Release|Win32.Build.0 = Release|Win32
		{11649C4F-963E-49F5-A7D9-F8F494F89FCE}.Debug|Win32.ActiveCfg = Debug|Win32
		{11649C4F-963E-49F5-A7D9-F8F494F89FCE}.Debug|Win32.Build.0 = Debug|Win32
		{11649C4F-963E-49F5-A7D9-F8F494F89FCE}.Release|Win32.ActiveCfg = Release|Win32
		{11649C4F-963E-49F5-A7D9-F8F494F89FCE}.Release|Win32.Build.0 = Release|Win32
		{3D45723D-E30C-4760-9979-734C17752DAD}.Debug|Win32.ActiveCfg = Debug|Win32
		{3D45723D-E30C-4760-9979-734C17752DAD}.Debug|Win32.Build.0 = Debug|Win32
		{3D45723D-E30C-4760-9979-734C17752DAD}.Release|Win32.ActiveCfg = Release|Win32
		{3D45723D-E30C-4760-9979-734C17752DAD}.Release|Win32.Build.0 = Release|Win32
	EndGlobalSection
	GlobalSection(SolutionProperties) = preSolution
		HideSolutionNode = FALSE
	EndGlobalSection
EndGlobal
